
Microsoft Visual Studio Solution File, Format Version 12.00
# Visual Studio Version 17
VisualStudioVersion = 17.12.35707.178 d17.12
MinimumVisualStudioVersion = 10.0.40219.1
Project("{FAE04EC0-301F-11D3-BF4B-00C04F79EFBC}") = "knowledge-sharing-platform-cloud.Api", "knowledge-sharing-platform-cloud\knowledge-sharing-platform-cloud.Api.csproj", "{CE016B4C-463E-4C24-94DE-D03339762F5F}"
EndProject
Project("{FAE04EC0-301F-11D3-BF4B-00C04F79EFBC}") = "knowledge-sharing-platform-cloud.Data", "knowledge-sharing-platform-cloud.Data\knowledge-sharing-platform-cloud.Data.csproj", "{5009E9A2-75BB-4931-99D8-04BA7200A782}"
EndProject
Global
	GlobalSection(SolutionConfigurationPlatforms) = preSolution
		Debug|Any CPU = Debug|Any CPU
		Release|Any CPU = Release|Any CPU
	EndGlobalSection
	GlobalSection(ProjectConfigurationPlatforms) = postSolution
		{CE016B4C-463E-4C24-94DE-D03339762F5F}.Debug|Any CPU.ActiveCfg = Debug|Any CPU
		{CE016B4C-463E-4C24-94DE-D03339762F5F}.Debug|Any CPU.Build.0 = Debug|Any CPU
		{CE016B4C-463E-4C24-94DE-D03339762F5F}.Release|Any CPU.ActiveCfg = Release|Any CPU
		{CE016B4C-463E-4C24-94DE-D03339762F5F}.Release|Any CPU.Build.0 = Release|Any CPU
		{5009E9A2-75BB-4931-99D8-04BA7200A782}.Debug|Any CPU.ActiveCfg = Debug|Any CPU
		{5009E9A2-75BB-4931-99D8-04BA7200A782}.Debug|Any CPU.Build.0 = Debug|Any CPU
		{5009E9A2-75BB-4931-99D8-04BA7200A782}.Release|Any CPU.ActiveCfg = Release|Any CPU
		{5009E9A2-75BB-4931-99D8-04BA7200A782}.Release|Any CPU.Build.0 = Release|Any CPU
	EndGlobalSection
	GlobalSection(SolutionProperties) = preSolution
		HideSolutionNode = FALSE
	EndGlobalSection
EndGlobal
